
Microsoft Visual Studio Solution File, Format Version 12.00
# Visual Studio 14
VisualStudioVersion = 14.0.25420.1
MinimumVisualStudioVersion = 10.0.40219.1
Project("{2150E333-8FDC-42A3-9474-1A3956D46DE8}") = "Mobile", "Mobile", "{EAC929A7-F167-4723-9ABE-F7A7F1D73C6A}"
EndProject
Project("{FAE04EC0-301F-11D3-BF4B-00C04F79EFBC}") = "Location.Droid", "Location.Droid\Location.Droid.csproj", "{09F3B976-597B-476E-8FC5-1C60A894F835}"
EndProject
Global
	GlobalSection(SolutionConfigurationPlatforms) = preSolution
		Debug|Any CPU = Debug|Any CPU
		Release|Any CPU = Release|Any CPU
	EndGlobalSection
	GlobalSection(ProjectConfigurationPlatforms) = postSolution
		{09F3B976-597B-476E-8FC5-1C60A894F835}.Debug|Any CPU.ActiveCfg = Debug|Any CPU
		{09F3B976-597B-476E-8FC5-1C60A894F835}.Debug|Any CPU.Build.0 = Debug|Any CPU
		{09F3B976-597B-476E-8FC5-1C60A894F835}.Debug|Any CPU.Deploy.0 = Debug|Any CPU
		{09F3B976-597B-476E-8FC5-1C60A894F835}.Release|Any CPU.ActiveCfg = Release|Any CPU
		{09F3B976-597B-476E-8FC5-1C60A894F835}.Release|Any CPU.Build.0 = Release|Any CPU
		{09F3B976-597B-476E-8FC5-1C60A894F835}.Release|Any CPU.Deploy.0 = Release|Any CPU
	EndGlobalSection
	GlobalSection(SolutionProperties) = preSolution
		HideSolutionNode = FALSE
	EndGlobalSection
	GlobalSection(NestedProjects) = preSolution
		{09F3B976-597B-476E-8FC5-1C60A894F835} = {EAC929A7-F167-4723-9ABE-F7A7F1D73C6A}
	EndGlobalSection
EndGlobal
